
Microsoft Visual Studio Solution File, Format Version 12.00
# Visual Studio Version 17
VisualStudioVersion = 17.5.33627.172
MinimumVisualStudioVersion = 10.0.40219.1
Project("{9A19103F-16F7-4668-BE54-9A1E7A4F7556}") = "ChannelZen", "ChannelZen - IPTV Playlist Viewer\ChannelZen.csproj", "{C1A0C954-B14F-4D40-98B3-24BA7F5A5AB3}"
EndProject
Global
	GlobalSection(SolutionConfigurationPlatforms) = preSolution
		Debug|Any CPU = Debug|Any CPU
		Release|Any CPU = Release|Any CPU
	EndGlobalSection
	GlobalSection(ProjectConfigurationPlatforms) = postSolution
		{C1A0C954-B14F-4D40-98B3-24BA7F5A5AB3}.Debug|Any CPU.ActiveCfg = Debug|Any CPU
		{C1A0C954-B14F-4D40-98B3-24BA7F5A5AB3}.Debug|Any CPU.Build.0 = Debug|Any CPU
		{C1A0C954-B14F-4D40-98B3-24BA7F5A5AB3}.Release|Any CPU.ActiveCfg = Release|Any CPU
		{C1A0C954-B14F-4D40-98B3-24BA7F5A5AB3}.Release|Any CPU.Build.0 = Release|Any CPU
	EndGlobalSection
	GlobalSection(SolutionProperties) = preSolution
		HideSolutionNode = FALSE
	EndGlobalSection
	GlobalSection(ExtensibilityGlobals) = postSolution
		SolutionGuid = {85F63C75-6187-40AD-91CC-5D29D1459AF2}
	EndGlobalSection
EndGlobal
